// !$*UTF8*$!
{
	archiveVersion = 1;
	classes = {
	};
	objectVersion = 50;
	objects = {

/* Begin PBXBuildFile section */
		547ADCF92313598200AC9CF1 /* AppDelegate.swift in Sources */ = {isa = PBXBuildFile; fileRef = 547ADCF82313598200AC9CF1 /* AppDelegate.swift */; };
		547ADCFB2313598200AC9CF1 /* RedViewController.swift in Sources */ = {isa = PBXBuildFile; fileRef = 547ADCFA2313598200AC9CF1 /* RedViewController.swift */; };
		547ADCFD2313598200AC9CF1 /* TableViewController.swift in Sources */ = {isa = PBXBuildFile; fileRef = 547ADCFC2313598200AC9CF1 /* TableViewController.swift */; };
		547ADD022313598300AC9CF1 /* Assets.xcassets in Resources */ = {isa = PBXBuildFile; fileRef = 547ADD012313598300AC9CF1 /* Assets.xcassets */; };
		547ADD052313598300AC9CF1 /* LaunchScreen.storyboard in Resources */ = {isa = PBXBuildFile; fileRef = 547ADD032313598300AC9CF1 /* LaunchScreen.storyboard */; };
		547ADD0D23135AAF00AC9CF1 /* MainTabBarController.swift in Sources */ = {isa = PBXBuildFile; fileRef = 547ADD0C23135AAF00AC9CF1 /* MainTabBarController.swift */; };
		547ADD0F231360A400AC9CF1 /* RedFirstPushViewController.swift in Sources */ = {isa = PBXBuildFile; fileRef = 547ADD0E231360A400AC9CF1 /* RedFirstPushViewController.swift */; };
		547ADD112313616800AC9CF1 /* RedSecondPushViewController.swift in Sources */ = {isa = PBXBuildFile; fileRef = 547ADD102313616800AC9CF1 /* RedSecondPushViewController.swift */; };
		547ADD132313626700AC9CF1 /* BlueViewController.swift in Sources */ = {isa = PBXBuildFile; fileRef = 547ADD122313626700AC9CF1 /* BlueViewController.swift */; };
		547ADD15231365BD00AC9CF1 /* BlueFirstPushViewController.swift in Sources */ = {isa = PBXBuildFile; fileRef = 547ADD14231365BD00AC9CF1 /* BlueFirstPushViewController.swift */; };
		547ADD172313670B00AC9CF1 /* BlueSecondPushViewController.swift in Sources */ = {isa = PBXBuildFile; fileRef = 547ADD162313670B00AC9CF1 /* BlueSecondPushViewController.swift */; };
		547ADD1E23139C8C00AC9CF1 /* OrangeSecondPushViewController.swift in Sources */ = {isa = PBXBuildFile; fileRef = 547ADD1823139C8B00AC9CF1 /* OrangeSecondPushViewController.swift */; };
		547ADD1F23139C8C00AC9CF1 /* PurpleViewController.swift in Sources */ = {isa = PBXBuildFile; fileRef = 547ADD1923139C8B00AC9CF1 /* PurpleViewController.swift */; };
		547ADD2023139C8C00AC9CF1 /* OrangeFirstPushViewController.swift in Sources */ = {isa = PBXBuildFile; fileRef = 547ADD1A23139C8B00AC9CF1 /* OrangeFirstPushViewController.swift */; };
		547ADD2123139C8C00AC9CF1 /* PurpleFirstPushViewController.swift in Sources */ = {isa = PBXBuildFile; fileRef = 547ADD1B23139C8B00AC9CF1 /* PurpleFirstPushViewController.swift */; };
		547ADD2223139C8C00AC9CF1 /* PurpleSecondPushViewController.swift in Sources */ = {isa = PBXBuildFile; fileRef = 547ADD1C23139C8B00AC9CF1 /* PurpleSecondPushViewController.swift */; };
		547ADD2323139C8C00AC9CF1 /* OrangeViewController.swift in Sources */ = {isa = PBXBuildFile; fileRef = 547ADD1D23139C8B00AC9CF1 /* OrangeViewController.swift */; };
		547ADD252313A56C00AC9CF1 /* TableDetailViewController.swift in Sources */ = {isa = PBXBuildFile; fileRef = 547ADD242313A56C00AC9CF1 /* TableDetailViewController.swift */; };
		547ADD272313AC4A00AC9CF1 /* AddTableViewController.swift in Sources */ = {isa = PBXBuildFile; fileRef = 547ADD262313AC4A00AC9CF1 /* AddTableViewController.swift */; };
		54C90D0D2318807500384AA2 /* AddTableFirstPushViewController.swift in Sources */ = {isa = PBXBuildFile; fileRef = 54C90D0C2318807500384AA2 /* AddTableFirstPushViewController.swift */; };
/* End PBXBuildFile section */

/* Begin PBXFileReference section */
		547ADCF52313598200AC9CF1 /* Inspire Navigation Demo.app */ = {isa = PBXFileReference; explicitFileType = wrapper.application; includeInIndex = 0; path = "Inspire Navigation Demo.app"; sourceTree = BUILT_PRODUCTS_DIR; };
		547ADCF82313598200AC9CF1 /* AppDelegate.swift */ = {isa = PBXFileReference; lastKnownFileType = sourcecode.swift; path = AppDelegate.swift; sourceTree = "<group>"; };
		547ADCFA2313598200AC9CF1 /* RedViewController.swift */ = {isa = PBXFileReference; lastKnownFileType = sourcecode.swift; path = RedViewController.swift; sourceTree = "<group>"; };
		547ADCFC2313598200AC9CF1 /* TableViewController.swift */ = {isa = PBXFileReference; lastKnownFileType = sourcecode.swift; path = TableViewController.swift; sourceTree = "<group>"; };
		547ADD012313598300AC9CF1 /* Assets.xcassets */ = {isa = PBXFileReference; lastKnownFileType = folder.assetcatalog; path = Assets.xcassets; sourceTree = "<group>"; };
		547ADD042313598300AC9CF1 /* Base */ = {isa = PBXFileReference; lastKnownFileType = file.storyboard; name = Base; path = Base.lproj/LaunchScreen.storyboard; sourceTree = "<group>"; };
		547ADD062313598300AC9CF1 /* Info.plist */ = {isa = PBXFileReference; lastKnownFileType = text.plist.xml; path = Info.plist; sourceTree = "<group>"; };
		547ADD0C23135AAF00AC9CF1 /* MainTabBarController.swift */ = {isa = PBXFileReference; lastKnownFileType = sourcecode.swift; path = MainTabBarController.swift; sourceTree = "<group>"; };
		547ADD0E231360A400AC9CF1 /* RedFirstPushViewController.swift */ = {isa = PBXFileReference; lastKnownFileType = sourcecode.swift; path = RedFirstPushViewController.swift; sourceTree = "<group>"; };
		547ADD102313616800AC9CF1 /* RedSecondPushViewController.swift */ = {isa = PBXFileReference; lastKnownFileType = sourcecode.swift; path = RedSecondPushViewController.swift; sourceTree = "<group>"; };
		547ADD122313626700AC9CF1 /* BlueViewController.swift */ = {isa = PBXFileReference; lastKnownFileType = sourcecode.swift; path = BlueViewController.swift; sourceTree = "<group>"; };
		547ADD14231365BD00AC9CF1 /* BlueFirstPushViewController.swift */ = {isa = PBXFileReference; lastKnownFileType = sourcecode.swift; path = BlueFirstPushViewController.swift; sourceTree = "<group>"; };
		547ADD162313670B00AC9CF1 /* BlueSecondPushViewController.swift */ = {isa = PBXFileReference; lastKnownFileType = sourcecode.swift; path = BlueSecondPushViewController.swift; sourceTree = "<group>"; };
		547ADD1823139C8B00AC9CF1 /* OrangeSecondPushViewController.swift */ = {isa = PBXFileReference; fileEncoding = 4; lastKnownFileType = sourcecode.swift; path = OrangeSecondPushViewController.swift; sourceTree = "<group>"; };
		547ADD1923139C8B00AC9CF1 /* PurpleViewController.swift */ = {isa = PBXFileReference; fileEncoding = 4; lastKnownFileType = sourcecode.swift; path = PurpleViewController.swift; sourceTree = "<group>"; };
		547ADD1A23139C8B00AC9CF1 /* OrangeFirstPushViewController.swift */ = {isa = PBXFileReference; fileEncoding = 4; lastKnownFileType = sourcecode.swift; path = OrangeFirstPushViewController.swift; sourceTree = "<group>"; };
		547ADD1B23139C8B00AC9CF1 /* PurpleFirstPushViewController.swift */ = {isa = PBXFileReference; fileEncoding = 4; lastKnownFileType = sourcecode.swift; path = PurpleFirstPushViewController.swift; sourceTree = "<group>"; };
		547ADD1C23139C8B00AC9CF1 /* PurpleSecondPushViewController.swift */ = {isa = PBXFileReference; fileEncoding = 4; lastKnownFileType = sourcecode.swift; path = PurpleSecondPushViewController.swift; sourceTree = "<group>"; };
		547ADD1D23139C8B00AC9CF1 /* OrangeViewController.swift */ = {isa = PBXFileReference; fileEncoding = 4; lastKnownFileType = sourcecode.swift; path = OrangeViewController.swift; sourceTree = "<group>"; };
		547ADD242313A56C00AC9CF1 /* TableDetailViewController.swift */ = {isa = PBXFileReference; lastKnownFileType = sourcecode.swift; path = TableDetailViewController.swift; sourceTree = "<group>"; };
		547ADD262313AC4A00AC9CF1 /* AddTableViewController.swift */ = {isa = PBXFileReference; lastKnownFileType = sourcecode.swift; path = AddTableViewController.swift; sourceTree = "<group>"; };
		54C90D0C2318807500384AA2 /* AddTableFirstPushViewController.swift */ = {isa = PBXFileReference; lastKnownFileType = sourcecode.swift; path = AddTableFirstPushViewController.swift; sourceTree = "<group>"; };
/* End PBXFileReference section */

/* Begin PBXFrameworksBuildPhase section */
		547ADCF22313598200AC9CF1 /* Frameworks */ = {
			isa = PBXFrameworksBuildPhase;
			buildActionMask = 2147483647;
			files = (
			);
			runOnlyForDeploymentPostprocessing = 0;
		};
/* End PBXFrameworksBuildPhase section */

/* Begin PBXGroup section */
		547ADCEC2313598200AC9CF1 = {
			isa = PBXGroup;
			children = (
				547ADCF72313598200AC9CF1 /* Inspire Navigation Demo */,
				547ADCF62313598200AC9CF1 /* Products */,
			);
			sourceTree = "<group>";
		};
		547ADCF62313598200AC9CF1 /* Products */ = {
			isa = PBXGroup;
			children = (
				547ADCF52313598200AC9CF1 /* Inspire Navigation Demo.app */,
			);
			name = Products;
			sourceTree = "<group>";
		};
		547ADCF72313598200AC9CF1 /* Inspire Navigation Demo */ = {
			isa = PBXGroup;
			children = (
				547ADCF82313598200AC9CF1 /* AppDelegate.swift */,
				547ADD0C23135AAF00AC9CF1 /* MainTabBarController.swift */,
				547ADCFA2313598200AC9CF1 /* RedViewController.swift */,
				547ADD0E231360A400AC9CF1 /* RedFirstPushViewController.swift */,
				547ADD102313616800AC9CF1 /* RedSecondPushViewController.swift */,
				547ADD1B23139C8B00AC9CF1 /* PurpleFirstPushViewController.swift */,
				547ADD1C23139C8B00AC9CF1 /* PurpleSecondPushViewController.swift */,
				547ADD1923139C8B00AC9CF1 /* PurpleViewController.swift */,
				547ADD1A23139C8B00AC9CF1 /* OrangeFirstPushViewController.swift */,
				547ADD1823139C8B00AC9CF1 /* OrangeSecondPushViewController.swift */,
				547ADD1D23139C8B00AC9CF1 /* OrangeViewController.swift */,
				547ADD122313626700AC9CF1 /* BlueViewController.swift */,
				547ADD14231365BD00AC9CF1 /* BlueFirstPushViewController.swift */,
				547ADD162313670B00AC9CF1 /* BlueSecondPushViewController.swift */,
				547ADCFC2313598200AC9CF1 /* TableViewController.swift */,
				547ADD262313AC4A00AC9CF1 /* AddTableViewController.swift */,
				54C90D0C2318807500384AA2 /* AddTableFirstPushViewController.swift */,
				547ADD242313A56C00AC9CF1 /* TableDetailViewController.swift */,
				547ADD012313598300AC9CF1 /* Assets.xcassets */,
				547ADD032313598300AC9CF1 /* LaunchScreen.storyboard */,
				547ADD062313598300AC9CF1 /* Info.plist */,
			);
			path = "Inspire Navigation Demo";
			sourceTree = "<group>";
		};
/* End PBXGroup section */

/* Begin PBXNativeTarget section */
		547ADCF42313598200AC9CF1 /* Inspire Navigation Demo */ = {
			isa = PBXNativeTarget;
			buildConfigurationList = 547ADD092313598300AC9CF1 /* Build configuration list for PBXNativeTarget "Inspire Navigation Demo" */;
			buildPhases = (
				547ADCF12313598200AC9CF1 /* Sources */,
				547ADCF22313598200AC9CF1 /* Frameworks */,
				547ADCF32313598200AC9CF1 /* Resources */,
			);
			buildRules = (
			);
			dependencies = (
			);
			name = "Inspire Navigation Demo";
			productName = "Inspire Navigation Demo";
			productReference = 547ADCF52313598200AC9CF1 /* Inspire Navigation Demo.app */;
			productType = "com.apple.product-type.application";
		};
/* End PBXNativeTarget section */

/* Begin PBXProject section */
		547ADCED2313598200AC9CF1 /* Project object */ = {
			isa = PBXProject;
			attributes = {
				LastSwiftUpdateCheck = 1020;
				LastUpgradeCheck = 1020;
				ORGANIZATIONNAME = "Max Effron";
				TargetAttributes = {
					547ADCF42313598200AC9CF1 = {
						CreatedOnToolsVersion = 10.2.1;
					};
				};
			};
			buildConfigurationList = 547ADCF02313598200AC9CF1 /* Build configuration list for PBXProject "Inspire Navigation Demo" */;
			compatibilityVersion = "Xcode 9.3";
			developmentRegion = en;
			hasScannedForEncodings = 0;
			knownRegions = (
				en,
				Base,
			);
			mainGroup = 547ADCEC2313598200AC9CF1;
			productRefGroup = 547ADCF62313598200AC9CF1 /* Products */;
			projectDirPath = "";
			projectRoot = "";
			targets = (
				547ADCF42313598200AC9CF1 /* Inspire Navigation Demo */,
			);
		};
/* End PBXProject section */

/* Begin PBXResourcesBuildPhase section */
		547ADCF32313598200AC9CF1 /* Resources */ = {
			isa = PBXResourcesBuildPhase;
			buildActionMask = 2147483647;
			files = (
				547ADD052313598300AC9CF1 /* LaunchScreen.storyboard in Resources */,
				547ADD022313598300AC9CF1 /* Assets.xcassets in Resources */,
			);
			runOnlyForDeploymentPostprocessing = 0;
		};
/* End PBXResourcesBuildPhase section */

/* Begin PBXSourcesBuildPhase section */
		547ADCF12313598200AC9CF1 /* Sources */ = {
			isa = PBXSourcesBuildPhase;
			buildActionMask = 2147483647;
			files = (
				547ADD0F231360A400AC9CF1 /* RedFirstPushViewController.swift in Sources */,
				547ADCFD2313598200AC9CF1 /* TableViewController.swift in Sources */,
				547ADD2223139C8C00AC9CF1 /* PurpleSecondPushViewController.swift in Sources */,
				547ADD272313AC4A00AC9CF1 /* AddTableViewController.swift in Sources */,
				547ADD1F23139C8C00AC9CF1 /* PurpleViewController.swift in Sources */,
				547ADD252313A56C00AC9CF1 /* TableDetailViewController.swift in Sources */,
				547ADCF92313598200AC9CF1 /* AppDelegate.swift in Sources */,
				547ADD112313616800AC9CF1 /* RedSecondPushViewController.swift in Sources */,
				547ADD2123139C8C00AC9CF1 /* PurpleFirstPushViewController.swift in Sources */,
				547ADD2023139C8C00AC9CF1 /* OrangeFirstPushViewController.swift in Sources */,
				547ADD15231365BD00AC9CF1 /* BlueFirstPushViewController.swift in Sources */,
				547ADD172313670B00AC9CF1 /* BlueSecondPushViewController.swift in Sources */,
				547ADD0D23135AAF00AC9CF1 /* MainTabBarController.swift in Sources */,
				547ADD2323139C8C00AC9CF1 /* OrangeViewController.swift in Sources */,
				547ADD132313626700AC9CF1 /* BlueViewController.swift in Sources */,
				547ADD1E23139C8C00AC9CF1 /* OrangeSecondPushViewController.swift in Sources */,
				54C90D0D2318807500384AA2 /* AddTableFirstPushViewController.swift in Sources */,
				547ADCFB2313598200AC9CF1 /* RedViewController.swift in Sources */,
			);
			runOnlyForDeploymentPostprocessing = 0;
		};
/* End PBXSourcesBuildPhase section */

/* Begin PBXVariantGroup section */
		547ADD032313598300AC9CF1 /* LaunchScreen.storyboard */ = {
			isa = PBXVariantGroup;
			children = (
				547ADD042313598300AC9CF1 /* Base */,
			);
			name = LaunchScreen.storyboard;
			sourceTree = "<group>";
		};
/* End PBXVariantGroup section */

/* Begin XCBuildConfiguration section */
		547ADD072313598300AC9CF1 /* Debug */ = {
			isa = XCBuildConfiguration;
			buildSettings = {
				ALWAYS_SEARCH_USER_PATHS = NO;
				CLANG_ANALYZER_NONNULL = YES;
				CLANG_ANALYZER_NUMBER_OBJECT_CONVERSION = YES_AGGRESSIVE;
				CLANG_CXX_LANGUAGE_STANDARD = "gnu++14";
				CLANG_CXX_LIBRARY = "libc++";
				CLANG_ENABLE_MODULES = YES;
				CLANG_ENABLE_OBJC_ARC = YES;
				CLANG_ENABLE_OBJC_WEAK = YES;
				CLANG_WARN_BLOCK_CAPTURE_AUTORELEASING = YES;
				CLANG_WARN_BOOL_CONVERSION = YES;
				CLANG_WARN_COMMA = YES;
				CLANG_WARN_CONSTANT_CONVERSION = YES;
				CLANG_WARN_DEPRECATED_OBJC_IMPLEMENTATIONS = YES;
				CLANG_WARN_DIRECT_OBJC_ISA_USAGE = YES_ERROR;
				CLANG_WARN_DOCUMENTATION_COMMENTS = YES;
				CLANG_WARN_EMPTY_BODY = YES;
				CLANG_WARN_ENUM_CONVERSION = YES;
				CLANG_WARN_INFINITE_RECURSION = YES;
				CLANG_WARN_INT_CONVERSION = YES;
				CLANG_WARN_NON_LITERAL_NULL_CONVERSION = YES;
				CLANG_WARN_OBJC_IMPLICIT_RETAIN_SELF = YES;
				CLANG_WARN_OBJC_LITERAL_CONVERSION = YES;
				CLANG_WARN_OBJC_ROOT_CLASS = YES_ERROR;
				CLANG_WARN_RANGE_LOOP_ANALYSIS = YES;
				CLANG_WARN_STRICT_PROTOTYPES = YES;
				CLANG_WARN_SUSPICIOUS_MOVE = YES;
				CLANG_WARN_UNGUARDED_AVAILABILITY = YES_AGGRESSIVE;
				CLANG_WARN_UNREACHABLE_CODE = YES;
				CLANG_WARN__DUPLICATE_METHOD_MATCH = YES;
				CODE_SIGN_IDENTITY = "iPhone Developer";
				COPY_PHASE_STRIP = NO;
				DEBUG_INFORMATION_FORMAT = dwarf;
				ENABLE_STRICT_OBJC_MSGSEND = YES;
				ENABLE_TESTABILITY = YES;
				GCC_C_LANGUAGE_STANDARD = gnu11;
				GCC_DYNAMIC_NO_PIC = NO;
				GCC_NO_COMMON_BLOCKS = YES;
				GCC_OPTIMIZATION_LEVEL = 0;
				GCC_PREPROCESSOR_DEFINITIONS = (
					"DEBUG=1",
					"$(inherited)",
				);
				GCC_WARN_64_TO_32_BIT_CONVERSION = YES;
				GCC_WARN_ABOUT_RETURN_TYPE = YES_ERROR;
				GCC_WARN_UNDECLARED_SELECTOR = YES;
				GCC_WARN_UNINITIALIZED_AUTOS = YES_AGGRESSIVE;
				GCC_WARN_UNUSED_FUNCTION = YES;
				GCC_WARN_UNUSED_VARIABLE = YES;
				IPHONEOS_DEPLOYMENT_TARGET = 12.2;
				MTL_ENABLE_DEBUG_INFO = INCLUDE_SOURCE;
				MTL_FAST_MATH = YES;
				ONLY_ACTIVE_ARCH = YES;
				SDKROOT = iphoneos;
				SWIFT_ACTIVE_COMPILATION_CONDITIONS = DEBUG;
				SWIFT_OPTIMIZATION_LEVEL = "-Onone";
			};
			name = Debug;
		};
		547ADD082313598300AC9CF1 /* Release */ = {
			isa = XCBuildConfiguration;
			buildSettings = {
				ALWAYS_SEARCH_USER_PATHS = NO;
				CLANG_ANALYZER_NONNULL = YES;
				CLANG_ANALYZER_NUMBER_OBJECT_CONVERSION = YES_AGGRESSIVE;
				CLANG_CXX_LANGUAGE_STANDARD = "gnu++14";
				CLANG_CXX_LIBRARY = "libc++";
				CLANG_ENABLE_MODULES = YES;
				CLANG_ENABLE_OBJC_ARC = YES;
				CLANG_ENABLE_OBJC_WEAK = YES;
				CLANG_WARN_BLOCK_CAPTURE_AUTORELEASING = YES;
				CLANG_WARN_BOOL_CONVERSION = YES;
				CLANG_WARN_COMMA = YES;
				CLANG_WARN_CONSTANT_CONVERSION = YES;
				CLANG_WARN_DEPRECATED_OBJC_IMPLEMENTATIONS = YES;
				CLANG_WARN_DIRECT_OBJC_ISA_USAGE = YES_ERROR;
				CLANG_WARN_DOCUMENTATION_COMMENTS = YES;
				CLANG_WARN_EMPTY_BODY = YES;
				CLANG_WARN_ENUM_CONVERSION = YES;
				CLANG_WARN_INFINITE_RECURSION = YES;
				CLANG_WARN_INT_CONVERSION = YES;
				CLANG_WARN_NON_LITERAL_NULL_CONVERSION = YES;
				CLANG_WARN_OBJC_IMPLICIT_RETAIN_SELF = YES;
				CLANG_WARN_OBJC_LITERAL_CONVERSION = YES;
				CLANG_WARN_OBJC_ROOT_CLASS = YES_ERROR;
				CLANG_WARN_RANGE_LOOP_ANALYSIS = YES;
				CLANG_WARN_STRICT_PROTOTYPES = YES;
				CLANG_WARN_SUSPICIOUS_MOVE = YES;
				CLANG_WARN_UNGUARDED_AVAILABILITY = YES_AGGRESSIVE;
				CLANG_WARN_UNREACHABLE_CODE = YES;
				CLANG_WARN__DUPLICATE_METHOD_MATCH = YES;
				CODE_SIGN_IDENTITY = "iPhone Developer";
				COPY_PHASE_STRIP = NO;
				DEBUG_INFORMATION_FORMAT = "dwarf-with-dsym";
				ENABLE_NS_ASSERTIONS = NO;
				ENABLE_STRICT_OBJC_MSGSEND = YES;
				GCC_C_LANGUAGE_STANDARD = gnu11;
				GCC_NO_COMMON_BLOCKS = YES;
				GCC_WARN_64_TO_32_BIT_CONVERSION = YES;
				GCC_WARN_ABOUT_RETURN_TYPE = YES_ERROR;
				GCC_WARN_UNDECLARED_SELECTOR = YES;
				GCC_WARN_UNINITIALIZED_AUTOS = YES_AGGRESSIVE;
				GCC_WARN_UNUSED_FUNCTION = YES;
				GCC_WARN_UNUSED_VARIABLE = YES;
				IPHONEOS_DEPLOYMENT_TARGET = 12.2;
				MTL_ENABLE_DEBUG_INFO = NO;
				MTL_FAST_MATH = YES;
				SDKROOT = iphoneos;
				SWIFT_COMPILATION_MODE = wholemodule;
				SWIFT_OPTIMIZATION_LEVEL = "-O";
				VALIDATE_PRODUCT = YES;
			};
			name = Release;
		};
		547ADD0A2313598300AC9CF1 /* Debug */ = {
			isa = XCBuildConfiguration;
			buildSettings = {
				ASSETCATALOG_COMPILER_APPICON_NAME = AppIcon;
				CODE_SIGN_IDENTITY = "iPhone Developer";
				CODE_SIGN_STYLE = Automatic;
				DEVELOPMENT_TEAM = B5TN76Q6US;
				INFOPLIST_FILE = "Inspire Navigation Demo/Info.plist";
				LD_RUNPATH_SEARCH_PATHS = (
					"$(inherited)",
					"@executable_path/Frameworks",
				);
				PRODUCT_BUNDLE_IDENTIFIER = "inspire.Inspire-Navigation-Demo";
				PRODUCT_NAME = "$(TARGET_NAME)";
				PROVISIONING_PROFILE_SPECIFIER = "";
				SWIFT_VERSION = 5.0;
				TARGETED_DEVICE_FAMILY = "1,2";
			};
			name = Debug;
		};
		547ADD0B2313598300AC9CF1 /* Release */ = {
			isa = XCBuildConfiguration;
			buildSettings = {
				ASSETCATALOG_COMPILER_APPICON_NAME = AppIcon;
				CODE_SIGN_IDENTITY = "iPhone Developer";
				CODE_SIGN_STYLE = Automatic;
				DEVELOPMENT_TEAM = B5TN76Q6US;
				INFOPLIST_FILE = "Inspire Navigation Demo/Info.plist";
				LD_RUNPATH_SEARCH_PATHS = (
					"$(inherited)",
					"@executable_path/Frameworks",
				);
				PRODUCT_BUNDLE_IDENTIFIER = "inspire.Inspire-Navigation-Demo";
				PRODUCT_NAME = "$(TARGET_NAME)";
				PROVISIONING_PROFILE_SPECIFIER = "";
				SWIFT_VERSION = 5.0;
				TARGETED_DEVICE_FAMILY = "1,2";
			};
			name = Release;
		};
/* End XCBuildConfiguration section */

/* Begin XCConfigurationList section */
		547ADCF02313598200AC9CF1 /* Build configuration list for PBXProject "Inspire Navigation Demo" */ = {
			isa = XCConfigurationList;
			buildConfigurations = (
				547ADD072313598300AC9CF1 /* Debug */,
				547ADD082313598300AC9CF1 /* Release */,
			);
			defaultConfigurationIsVisible = 0;
			defaultConfigurationName = Release;
		};
		547ADD092313598300AC9CF1 /* Build configuration list for PBXNativeTarget "Inspire Navigation Demo" */ = {
			isa = XCConfigurationList;
			buildConfigurations = (
				547ADD0A2313598300AC9CF1 /* Debug */,
				547ADD0B2313598300AC9CF1 /* Release */,
			);
			defaultConfigurationIsVisible = 0;
			defaultConfigurationName = Release;
		};
/* End XCConfigurationList section */
	};
	rootObject = 547ADCED2313598200AC9CF1 /* Project object */;
}
